// !$*UTF8*$!
{
	archiveVersion = 1;
	classes = {
	};
	objectVersion = 50;
	objects = {

/* Begin PBXBuildFile section */
		3ABCDC9023B7B6AD0050F4B2 /* TabBarController.swift in Sources */ = {isa = PBXBuildFile; fileRef = 3ABCDC8F23B7B6AD0050F4B2 /* TabBarController.swift */; };
		3ABCDC9323B7B71B0050F4B2 /* SmartTargetTableViewCell.swift in Sources */ = {isa = PBXBuildFile; fileRef = 3ABCDC9223B7B71B0050F4B2 /* SmartTargetTableViewCell.swift */; };
		3AC77AFE23AAA55A00CA1EC5 /* GeocoderModel.swift in Sources */ = {isa = PBXBuildFile; fileRef = 3AC77AFD23AAA55A00CA1EC5 /* GeocoderModel.swift */; };
		3AC77B0023AAA5B400CA1EC5 /* GeocoderService.swift in Sources */ = {isa = PBXBuildFile; fileRef = 3AC77AFF23AAA5B400CA1EC5 /* GeocoderService.swift */; };
		3AC77B0223AAA5BE00CA1EC5 /* ServiceError.swift in Sources */ = {isa = PBXBuildFile; fileRef = 3AC77B0123AAA5BE00CA1EC5 /* ServiceError.swift */; };
		580A076623AFEB1200192969 /* SmartTargetMenu.swift in Sources */ = {isa = PBXBuildFile; fileRef = 580A076523AFEB1200192969 /* SmartTargetMenu.swift */; };
		5815996823B52DD900232CE2 /* NotificationCenter+Extension.swift in Sources */ = {isa = PBXBuildFile; fileRef = 5815996723B52DD900232CE2 /* NotificationCenter+Extension.swift */; };
		582ED16D23AE8458001AD44E /* Decodable+Initialization.swift in Sources */ = {isa = PBXBuildFile; fileRef = 582ED16C23AE8458001AD44E /* Decodable+Initialization.swift */; };
		5837D01823A8388700A6F125 /* SceneBuilder.swift in Sources */ = {isa = PBXBuildFile; fileRef = 5837D01723A8388700A6F125 /* SceneBuilder.swift */; };
		5837D01A23A838E100A6F125 /* Repository.swift in Sources */ = {isa = PBXBuildFile; fileRef = 5837D01923A838E100A6F125 /* Repository.swift */; };
		5837D01C23A839E000A6F125 /* DecoderService.swift in Sources */ = {isa = PBXBuildFile; fileRef = 5837D01B23A839E000A6F125 /* DecoderService.swift */; };
		58454C3923C25B7A008BB813 /* NotificationService.swift in Sources */ = {isa = PBXBuildFile; fileRef = 58454C3823C25B7A008BB813 /* NotificationService.swift */; };
		58454F2F23BE875C00EE0D71 /* Identity.swift in Sources */ = {isa = PBXBuildFile; fileRef = 58454F2E23BE875C00EE0D71 /* Identity.swift */; };
		58454F3223BE87C400EE0D71 /* Array+Difference.swift in Sources */ = {isa = PBXBuildFile; fileRef = 58454F3123BE87C400EE0D71 /* Array+Difference.swift */; };
		584EE5AF23A7F8490013087A /* AppDelegate.swift in Sources */ = {isa = PBXBuildFile; fileRef = 584EE5AE23A7F8490013087A /* AppDelegate.swift */; };
		584EE5B823A7F84C0013087A /* Assets.xcassets in Resources */ = {isa = PBXBuildFile; fileRef = 584EE5B723A7F84C0013087A /* Assets.xcassets */; };
		584EE5BB23A7F84C0013087A /* LaunchScreen.storyboard in Resources */ = {isa = PBXBuildFile; fileRef = 584EE5B923A7F84C0013087A /* LaunchScreen.storyboard */; };
		584EE5C823A833D70013087A /* MapPresenter.swift in Sources */ = {isa = PBXBuildFile; fileRef = 584EE5C223A833D70013087A /* MapPresenter.swift */; };
		584EE5CB23A833D70013087A /* MapModels.swift in Sources */ = {isa = PBXBuildFile; fileRef = 584EE5C523A833D70013087A /* MapModels.swift */; };
		584EE5CC23A833D70013087A /* MapViewController.swift in Sources */ = {isa = PBXBuildFile; fileRef = 584EE5C623A833D70013087A /* MapViewController.swift */; };
		584EE5CD23A833D70013087A /* MapInteractor.swift in Sources */ = {isa = PBXBuildFile; fileRef = 584EE5C723A833D70013087A /* MapInteractor.swift */; };
		584EE5E223A834D60013087A /* SmartTargetListPresenter.swift in Sources */ = {isa = PBXBuildFile; fileRef = 584EE5DC23A834D60013087A /* SmartTargetListPresenter.swift */; };
		584EE5E423A834D60013087A /* SmartTargetListRouter.swift in Sources */ = {isa = PBXBuildFile; fileRef = 584EE5DE23A834D60013087A /* SmartTargetListRouter.swift */; };
		584EE5E523A834D60013087A /* SmartTargetListModels.swift in Sources */ = {isa = PBXBuildFile; fileRef = 584EE5DF23A834D60013087A /* SmartTargetListModels.swift */; };
		584EE5E623A834D60013087A /* SmartTargetListViewController.swift in Sources */ = {isa = PBXBuildFile; fileRef = 584EE5E023A834D60013087A /* SmartTargetListViewController.swift */; };
		584EE5E723A834D60013087A /* SmartTargetListInteractor.swift in Sources */ = {isa = PBXBuildFile; fileRef = 584EE5E123A834D60013087A /* SmartTargetListInteractor.swift */; };
		58551DD623BD08CD00E76885 /* UserPreferences.MeasuringSystem+Extension.swift in Sources */ = {isa = PBXBuildFile; fileRef = 58551DD523BD08CD00E76885 /* UserPreferences.MeasuringSystem+Extension.swift */; };
		58551DD823BD854300E76885 /* TabBarControllerBuilder.swift in Sources */ = {isa = PBXBuildFile; fileRef = 58551DD723BD854300E76885 /* TabBarControllerBuilder.swift */; };
		58551DDA23BDA38A00E76885 /* MapRouter.swift in Sources */ = {isa = PBXBuildFile; fileRef = 58551DD923BDA38A00E76885 /* MapRouter.swift */; };
		585BBB8823B219170001F749 /* ButtonView.swift in Sources */ = {isa = PBXBuildFile; fileRef = 585BBB8723B219170001F749 /* ButtonView.swift */; };
		585BBB8A23B27DD40001F749 /* UIColor+Adjust.swift in Sources */ = {isa = PBXBuildFile; fileRef = 585BBB8923B27DD40001F749 /* UIColor+Adjust.swift */; };
		585BBB8C23B285750001F749 /* SmartTargetAnnotation.swift in Sources */ = {isa = PBXBuildFile; fileRef = 585BBB8B23B285750001F749 /* SmartTargetAnnotation.swift */; };
		585F64A123B9881800B66EAA /* FilesManager.swift in Sources */ = {isa = PBXBuildFile; fileRef = 585F64A023B9881800B66EAA /* FilesManager.swift */; };
		585F64A323B988A700B66EAA /* SettingWrapper.swift in Sources */ = {isa = PBXBuildFile; fileRef = 585F64A223B988A700B66EAA /* SettingWrapper.swift */; };
		585F64A523B9947000B66EAA /* UserPreferences.swift in Sources */ = {isa = PBXBuildFile; fileRef = 585F64A423B9947000B66EAA /* UserPreferences.swift */; };
		585F64AC23B9989900B66EAA /* SettingsPresenter.swift in Sources */ = {isa = PBXBuildFile; fileRef = 585F64A623B9989900B66EAA /* SettingsPresenter.swift */; };
		585F64AD23B9989900B66EAA /* SettingsWorker.swift in Sources */ = {isa = PBXBuildFile; fileRef = 585F64A723B9989900B66EAA /* SettingsWorker.swift */; };
		585F64AF23B9989900B66EAA /* SettingsModels.swift in Sources */ = {isa = PBXBuildFile; fileRef = 585F64A923B9989900B66EAA /* SettingsModels.swift */; };
		585F64B023B9989900B66EAA /* SettingsViewController.swift in Sources */ = {isa = PBXBuildFile; fileRef = 585F64AA23B9989900B66EAA /* SettingsViewController.swift */; };
		585F64B123B9989900B66EAA /* SettingsInteractor.swift in Sources */ = {isa = PBXBuildFile; fileRef = 585F64AB23B9989900B66EAA /* SettingsInteractor.swift */; };
		585F64B423B9A0E600B66EAA /* SegmentedControlTableViewCell.swift in Sources */ = {isa = PBXBuildFile; fileRef = 585F64B323B9A0E600B66EAA /* SegmentedControlTableViewCell.swift */; };
		585F64B623B9A6EC00B66EAA /* SwitchTableViewCell.swift in Sources */ = {isa = PBXBuildFile; fileRef = 585F64B523B9A6EC00B66EAA /* SwitchTableViewCell.swift */; };
		585F64B923BA7D5000B66EAA /* RangeSliderTableViewCell.swift in Sources */ = {isa = PBXBuildFile; fileRef = 585F64B823BA7D5000B66EAA /* RangeSliderTableViewCell.swift */; };
		585F64DB23BA921000B66EAA /* RangeSlider.swift in Sources */ = {isa = PBXBuildFile; fileRef = 585F64DA23BA921000B66EAA /* RangeSlider.swift */; };
		585F64DD23BA928B00B66EAA /* RangeSliderThumbLayer.swift in Sources */ = {isa = PBXBuildFile; fileRef = 585F64DC23BA928B00B66EAA /* RangeSliderThumbLayer.swift */; };
		585F64DF23BA92CD00B66EAA /* RangeSliderTrackLayer.swift in Sources */ = {isa = PBXBuildFile; fileRef = 585F64DE23BA92CD00B66EAA /* RangeSliderTrackLayer.swift */; };
		586F660723BAB6D2007D4657 /* SettingsSceneWorker.swift in Sources */ = {isa = PBXBuildFile; fileRef = 586F660623BAB6D2007D4657 /* SettingsSceneWorker.swift */; };
		586F660C23BBF065007D4657 /* MenuAction.swift in Sources */ = {isa = PBXBuildFile; fileRef = 586F660B23BBF065007D4657 /* MenuAction.swift */; };
		5891A8EC23B3BF5200FB1D1C /* GeocoderWorker.swift in Sources */ = {isa = PBXBuildFile; fileRef = 5891A8EB23B3BF5200FB1D1C /* GeocoderWorker.swift */; };
		58A4B28923C6E27700D0D985 /* Formatter+Extension.swift in Sources */ = {isa = PBXBuildFile; fileRef = 58A4B28823C6E27700D0D985 /* Formatter+Extension.swift */; };
		58A9984123A852AC00CAACE8 /* SmartTarget.swift in Sources */ = {isa = PBXBuildFile; fileRef = 58A9984023A852AC00CAACE8 /* SmartTarget.swift */; };
		58A9984423AC19A500CAACE8 /* DataBaseService.swift in Sources */ = {isa = PBXBuildFile; fileRef = 58A9984323AC19A500CAACE8 /* DataBaseService.swift */; };
		58A9984623AC1D1700CAACE8 /* Sequence+UniqueElements.swift in Sources */ = {isa = PBXBuildFile; fileRef = 58A9984523AC1D1700CAACE8 /* Sequence+UniqueElements.swift */; };
		58A9984823AC2BA600CAACE8 /* CLLocationCoordinate2D+Extension.swift in Sources */ = {isa = PBXBuildFile; fileRef = 58A9984723AC2BA600CAACE8 /* CLLocationCoordinate2D+Extension.swift */; };
		58A9984A23AC35E000CAACE8 /* SmartTargetCollection.swift in Sources */ = {isa = PBXBuildFile; fileRef = 58A9984923AC35E000CAACE8 /* SmartTargetCollection.swift */; };
		58EEE41923C27F1600CE9229 /* NotificationWorker.swift in Sources */ = {isa = PBXBuildFile; fileRef = 58EEE41823C27F1600CE9229 /* NotificationWorker.swift */; };
		58EEE41B23C4404300CE9229 /* UIViewController+Extension.swift in Sources */ = {isa = PBXBuildFile; fileRef = 58EEE41A23C4404300CE9229 /* UIViewController+Extension.swift */; };
		58F7E96D23AD96A600E3859F /* DataBaseWorker.swift in Sources */ = {isa = PBXBuildFile; fileRef = 58F7E96C23AD96A600E3859F /* DataBaseWorker.swift */; };
/* End PBXBuildFile section */

/* Begin PBXFileReference section */
		3ABCDC8F23B7B6AD0050F4B2 /* TabBarController.swift */ = {isa = PBXFileReference; fileEncoding = 4; lastKnownFileType = sourcecode.swift; path = TabBarController.swift; sourceTree = "<group>"; };
		3ABCDC9223B7B71B0050F4B2 /* SmartTargetTableViewCell.swift */ = {isa = PBXFileReference; fileEncoding = 4; lastKnownFileType = sourcecode.swift; path = SmartTargetTableViewCell.swift; sourceTree = "<group>"; };
		3AC77AFD23AAA55A00CA1EC5 /* GeocoderModel.swift */ = {isa = PBXFileReference; fileEncoding = 4; lastKnownFileType = sourcecode.swift; path = GeocoderModel.swift; sourceTree = "<group>"; };
		3AC77AFF23AAA5B400CA1EC5 /* GeocoderService.swift */ = {isa = PBXFileReference; fileEncoding = 4; lastKnownFileType = sourcecode.swift; path = GeocoderService.swift; sourceTree = "<group>"; };
		3AC77B0123AAA5BE00CA1EC5 /* ServiceError.swift */ = {isa = PBXFileReference; fileEncoding = 4; lastKnownFileType = sourcecode.swift; path = ServiceError.swift; sourceTree = "<group>"; };
		580A076523AFEB1200192969 /* SmartTargetMenu.swift */ = {isa = PBXFileReference; lastKnownFileType = sourcecode.swift; path = SmartTargetMenu.swift; sourceTree = "<group>"; };
		5815996723B52DD900232CE2 /* NotificationCenter+Extension.swift */ = {isa = PBXFileReference; lastKnownFileType = sourcecode.swift; path = "NotificationCenter+Extension.swift"; sourceTree = "<group>"; };
		582ED16C23AE8458001AD44E /* Decodable+Initialization.swift */ = {isa = PBXFileReference; lastKnownFileType = sourcecode.swift; path = "Decodable+Initialization.swift"; sourceTree = "<group>"; };
		5837D01723A8388700A6F125 /* SceneBuilder.swift */ = {isa = PBXFileReference; lastKnownFileType = sourcecode.swift; path = SceneBuilder.swift; sourceTree = "<group>"; };
		5837D01923A838E100A6F125 /* Repository.swift */ = {isa = PBXFileReference; lastKnownFileType = sourcecode.swift; path = Repository.swift; sourceTree = "<group>"; };
		5837D01B23A839E000A6F125 /* DecoderService.swift */ = {isa = PBXFileReference; lastKnownFileType = sourcecode.swift; path = DecoderService.swift; sourceTree = "<group>"; };
		58454C3823C25B7A008BB813 /* NotificationService.swift */ = {isa = PBXFileReference; lastKnownFileType = sourcecode.swift; path = NotificationService.swift; sourceTree = "<group>"; };
		58454F2E23BE875C00EE0D71 /* Identity.swift */ = {isa = PBXFileReference; lastKnownFileType = sourcecode.swift; path = Identity.swift; sourceTree = "<group>"; };
		58454F3123BE87C400EE0D71 /* Array+Difference.swift */ = {isa = PBXFileReference; lastKnownFileType = sourcecode.swift; path = "Array+Difference.swift"; sourceTree = "<group>"; };
		584EE5AB23A7F8490013087A /* Map.app */ = {isa = PBXFileReference; explicitFileType = wrapper.application; includeInIndex = 0; path = Map.app; sourceTree = BUILT_PRODUCTS_DIR; };
		584EE5AE23A7F8490013087A /* AppDelegate.swift */ = {isa = PBXFileReference; lastKnownFileType = sourcecode.swift; path = AppDelegate.swift; sourceTree = "<group>"; };
		584EE5B723A7F84C0013087A /* Assets.xcassets */ = {isa = PBXFileReference; lastKnownFileType = folder.assetcatalog; path = Assets.xcassets; sourceTree = "<group>"; };
		584EE5BA23A7F84C0013087A /* Base */ = {isa = PBXFileReference; lastKnownFileType = file.storyboard; name = Base; path = Base.lproj/LaunchScreen.storyboard; sourceTree = "<group>"; };
		584EE5BC23A7F84C0013087A /* Info.plist */ = {isa = PBXFileReference; lastKnownFileType = text.plist.xml; path = Info.plist; sourceTree = "<group>"; };
		584EE5C223A833D70013087A /* MapPresenter.swift */ = {isa = PBXFileReference; lastKnownFileType = sourcecode.swift; path = MapPresenter.swift; sourceTree = "<group>"; };
		584EE5C523A833D70013087A /* MapModels.swift */ = {isa = PBXFileReference; lastKnownFileType = sourcecode.swift; path = MapModels.swift; sourceTree = "<group>"; };
		584EE5C623A833D70013087A /* MapViewController.swift */ = {isa = PBXFileReference; lastKnownFileType = sourcecode.swift; path = MapViewController.swift; sourceTree = "<group>"; };
		584EE5C723A833D70013087A /* MapInteractor.swift */ = {isa = PBXFileReference; lastKnownFileType = sourcecode.swift; path = MapInteractor.swift; sourceTree = "<group>"; };
		584EE5DC23A834D60013087A /* SmartTargetListPresenter.swift */ = {isa = PBXFileReference; lastKnownFileType = sourcecode.swift; path = SmartTargetListPresenter.swift; sourceTree = "<group>"; };
		584EE5DE23A834D60013087A /* SmartTargetListRouter.swift */ = {isa = PBXFileReference; lastKnownFileType = sourcecode.swift; path = SmartTargetListRouter.swift; sourceTree = "<group>"; };
		584EE5DF23A834D60013087A /* SmartTargetListModels.swift */ = {isa = PBXFileReference; lastKnownFileType = sourcecode.swift; path = SmartTargetListModels.swift; sourceTree = "<group>"; };
		584EE5E023A834D60013087A /* SmartTargetListViewController.swift */ = {isa = PBXFileReference; lastKnownFileType = sourcecode.swift; path = SmartTargetListViewController.swift; sourceTree = "<group>"; };
		584EE5E123A834D60013087A /* SmartTargetListInteractor.swift */ = {isa = PBXFileReference; lastKnownFileType = sourcecode.swift; path = SmartTargetListInteractor.swift; sourceTree = "<group>"; };
		58551DD523BD08CD00E76885 /* UserPreferences.MeasuringSystem+Extension.swift */ = {isa = PBXFileReference; lastKnownFileType = sourcecode.swift; path = "UserPreferences.MeasuringSystem+Extension.swift"; sourceTree = "<group>"; };
		58551DD723BD854300E76885 /* TabBarControllerBuilder.swift */ = {isa = PBXFileReference; lastKnownFileType = sourcecode.swift; path = TabBarControllerBuilder.swift; sourceTree = "<group>"; };
		58551DD923BDA38A00E76885 /* MapRouter.swift */ = {isa = PBXFileReference; lastKnownFileType = sourcecode.swift; path = MapRouter.swift; sourceTree = "<group>"; };
		585BBB8723B219170001F749 /* ButtonView.swift */ = {isa = PBXFileReference; lastKnownFileType = sourcecode.swift; path = ButtonView.swift; sourceTree = "<group>"; };
		585BBB8923B27DD40001F749 /* UIColor+Adjust.swift */ = {isa = PBXFileReference; lastKnownFileType = sourcecode.swift; path = "UIColor+Adjust.swift"; sourceTree = "<group>"; };
		585BBB8B23B285750001F749 /* SmartTargetAnnotation.swift */ = {isa = PBXFileReference; lastKnownFileType = sourcecode.swift; path = SmartTargetAnnotation.swift; sourceTree = "<group>"; };
		585F64A023B9881800B66EAA /* FilesManager.swift */ = {isa = PBXFileReference; lastKnownFileType = sourcecode.swift; path = FilesManager.swift; sourceTree = "<group>"; };
		585F64A223B988A700B66EAA /* SettingWrapper.swift */ = {isa = PBXFileReference; lastKnownFileType = sourcecode.swift; path = SettingWrapper.swift; sourceTree = "<group>"; };
		585F64A423B9947000B66EAA /* UserPreferences.swift */ = {isa = PBXFileReference; lastKnownFileType = sourcecode.swift; path = UserPreferences.swift; sourceTree = "<group>"; };
		585F64A623B9989900B66EAA /* SettingsPresenter.swift */ = {isa = PBXFileReference; lastKnownFileType = sourcecode.swift; path = SettingsPresenter.swift; sourceTree = "<group>"; };
		585F64A723B9989900B66EAA /* SettingsWorker.swift */ = {isa = PBXFileReference; lastKnownFileType = sourcecode.swift; path = SettingsWorker.swift; sourceTree = "<group>"; };
		585F64A923B9989900B66EAA /* SettingsModels.swift */ = {isa = PBXFileReference; lastKnownFileType = sourcecode.swift; path = SettingsModels.swift; sourceTree = "<group>"; };
		585F64AA23B9989900B66EAA /* SettingsViewController.swift */ = {isa = PBXFileReference; lastKnownFileType = sourcecode.swift; path = SettingsViewController.swift; sourceTree = "<group>"; };
		585F64AB23B9989900B66EAA /* SettingsInteractor.swift */ = {isa = PBXFileReference; lastKnownFileType = sourcecode.swift; path = SettingsInteractor.swift; sourceTree = "<group>"; };
		585F64B323B9A0E600B66EAA /* SegmentedControlTableViewCell.swift */ = {isa = PBXFileReference; lastKnownFileType = sourcecode.swift; path = SegmentedControlTableViewCell.swift; sourceTree = "<group>"; };
		585F64B523B9A6EC00B66EAA /* SwitchTableViewCell.swift */ = {isa = PBXFileReference; lastKnownFileType = sourcecode.swift; path = SwitchTableViewCell.swift; sourceTree = "<group>"; };
		585F64B823BA7D5000B66EAA /* RangeSliderTableViewCell.swift */ = {isa = PBXFileReference; lastKnownFileType = sourcecode.swift; path = RangeSliderTableViewCell.swift; sourceTree = "<group>"; };
		585F64DA23BA921000B66EAA /* RangeSlider.swift */ = {isa = PBXFileReference; lastKnownFileType = sourcecode.swift; path = RangeSlider.swift; sourceTree = "<group>"; };
		585F64DC23BA928B00B66EAA /* RangeSliderThumbLayer.swift */ = {isa = PBXFileReference; lastKnownFileType = sourcecode.swift; path = RangeSliderThumbLayer.swift; sourceTree = "<group>"; };
		585F64DE23BA92CD00B66EAA /* RangeSliderTrackLayer.swift */ = {isa = PBXFileReference; lastKnownFileType = sourcecode.swift; path = RangeSliderTrackLayer.swift; sourceTree = "<group>"; };
		586F660623BAB6D2007D4657 /* SettingsSceneWorker.swift */ = {isa = PBXFileReference; lastKnownFileType = sourcecode.swift; path = SettingsSceneWorker.swift; sourceTree = "<group>"; };
		586F660B23BBF065007D4657 /* MenuAction.swift */ = {isa = PBXFileReference; lastKnownFileType = sourcecode.swift; path = MenuAction.swift; sourceTree = "<group>"; };
		5891A8EB23B3BF5200FB1D1C /* GeocoderWorker.swift */ = {isa = PBXFileReference; fileEncoding = 4; lastKnownFileType = sourcecode.swift; path = GeocoderWorker.swift; sourceTree = "<group>"; };
		58A4B28823C6E27700D0D985 /* Formatter+Extension.swift */ = {isa = PBXFileReference; lastKnownFileType = sourcecode.swift; path = "Formatter+Extension.swift"; sourceTree = "<group>"; };
		58A9984023A852AC00CAACE8 /* SmartTarget.swift */ = {isa = PBXFileReference; lastKnownFileType = sourcecode.swift; path = SmartTarget.swift; sourceTree = "<group>"; };
		58A9984323AC19A500CAACE8 /* DataBaseService.swift */ = {isa = PBXFileReference; lastKnownFileType = sourcecode.swift; path = DataBaseService.swift; sourceTree = "<group>"; };
		58A9984523AC1D1700CAACE8 /* Sequence+UniqueElements.swift */ = {isa = PBXFileReference; lastKnownFileType = sourcecode.swift; path = "Sequence+UniqueElements.swift"; sourceTree = "<group>"; };
		58A9984723AC2BA600CAACE8 /* CLLocationCoordinate2D+Extension.swift */ = {isa = PBXFileReference; lastKnownFileType = sourcecode.swift; path = "CLLocationCoordinate2D+Extension.swift"; sourceTree = "<group>"; };
		58A9984923AC35E000CAACE8 /* SmartTargetCollection.swift */ = {isa = PBXFileReference; lastKnownFileType = sourcecode.swift; path = SmartTargetCollection.swift; sourceTree = "<group>"; };
		58EEE41823C27F1600CE9229 /* NotificationWorker.swift */ = {isa = PBXFileReference; lastKnownFileType = sourcecode.swift; path = NotificationWorker.swift; sourceTree = "<group>"; };
		58EEE41A23C4404300CE9229 /* UIViewController+Extension.swift */ = {isa = PBXFileReference; lastKnownFileType = sourcecode.swift; path = "UIViewController+Extension.swift"; sourceTree = "<group>"; };
		58F7E96C23AD96A600E3859F /* DataBaseWorker.swift */ = {isa = PBXFileReference; fileEncoding = 4; lastKnownFileType = sourcecode.swift; path = DataBaseWorker.swift; sourceTree = "<group>"; };
/* End PBXFileReference section */

/* Begin PBXFrameworksBuildPhase section */
		584EE5A823A7F8490013087A /* Frameworks */ = {
			isa = PBXFrameworksBuildPhase;
			buildActionMask = 2147483647;
			files = (
			);
			runOnlyForDeploymentPostprocessing = 0;
		};
/* End PBXFrameworksBuildPhase section */

/* Begin PBXGroup section */
		3ABCDC8E23B7B6AD0050F4B2 /* TabBarController */ = {
			isa = PBXGroup;
			children = (
				3ABCDC8F23B7B6AD0050F4B2 /* TabBarController.swift */,
			);
			path = TabBarController;
			sourceTree = "<group>";
		};
		3ABCDC9123B7B71B0050F4B2 /* Cell */ = {
			isa = PBXGroup;
			children = (
				3ABCDC9223B7B71B0050F4B2 /* SmartTargetTableViewCell.swift */,
			);
			path = Cell;
			sourceTree = "<group>";
		};
		580A076423AFEAB900192969 /* Views */ = {
			isa = PBXGroup;
			children = (
				580A076523AFEB1200192969 /* SmartTargetMenu.swift */,
				585BBB8723B219170001F749 /* ButtonView.swift */,
				585F64E023BA932A00B66EAA /* Range slider */,
			);
			path = Views;
			sourceTree = "<group>";
		};
		58454F3023BE876800EE0D71 /* Protocols */ = {
			isa = PBXGroup;
			children = (
				58454F2E23BE875C00EE0D71 /* Identity.swift */,
			);
			path = Protocols;
			sourceTree = "<group>";
		};
		584EE5A223A7F8490013087A = {
			isa = PBXGroup;
			children = (
				584EE5AD23A7F8490013087A /* Map */,
				584EE5AC23A7F8490013087A /* Products */,
			);
			sourceTree = "<group>";
		};
		584EE5AC23A7F8490013087A /* Products */ = {
			isa = PBXGroup;
			children = (
				584EE5AB23A7F8490013087A /* Map.app */,
			);
			name = Products;
			sourceTree = "<group>";
		};
		584EE5AD23A7F8490013087A /* Map */ = {
			isa = PBXGroup;
			children = (
				580A076423AFEAB900192969 /* Views */,
				584EE5CF23A833E50013087A /* Scenes */,
				58A9983F23A84D9000CAACE8 /* Business layer */,
				58F7E96A23AD810F00E3859F /* Extensions */,
				58454F3023BE876800EE0D71 /* Protocols */,
				58A9983E23A84D7700CAACE8 /* Supporting files */,
			);
			path = Map;
			sourceTree = "<group>";
		};
		584EE5CE23A833DD0013087A /* Map scene */ = {
			isa = PBXGroup;
			children = (
				584EE5C623A833D70013087A /* MapViewController.swift */,
				584EE5C723A833D70013087A /* MapInteractor.swift */,
				584EE5C223A833D70013087A /* MapPresenter.swift */,
				58551DD923BDA38A00E76885 /* MapRouter.swift */,
				584EE5C523A833D70013087A /* MapModels.swift */,
			);
			path = "Map scene";
			sourceTree = "<group>";
		};
		584EE5CF23A833E50013087A /* Scenes */ = {
			isa = PBXGroup;
			children = (
				584EE5CE23A833DD0013087A /* Map scene */,
				584EE5E823A834E00013087A /* Smart target list scene */,
				585F64B223B99C9D00B66EAA /* Settings scene */,
				3ABCDC8E23B7B6AD0050F4B2 /* TabBarController */,
			);
			path = Scenes;
			sourceTree = "<group>";
		};
		584EE5E823A834E00013087A /* Smart target list scene */ = {
			isa = PBXGroup;
			children = (
				584EE5E023A834D60013087A /* SmartTargetListViewController.swift */,
				584EE5E123A834D60013087A /* SmartTargetListInteractor.swift */,
				584EE5DC23A834D60013087A /* SmartTargetListPresenter.swift */,
				584EE5DE23A834D60013087A /* SmartTargetListRouter.swift */,
				584EE5DF23A834D60013087A /* SmartTargetListModels.swift */,
				3ABCDC9123B7B71B0050F4B2 /* Cell */,
			);
			path = "Smart target list scene";
			sourceTree = "<group>";
		};
		585F64B223B99C9D00B66EAA /* Settings scene */ = {
			isa = PBXGroup;
			children = (
				585F64AA23B9989900B66EAA /* SettingsViewController.swift */,
				585F64AB23B9989900B66EAA /* SettingsInteractor.swift */,
				585F64A623B9989900B66EAA /* SettingsPresenter.swift */,
				585F64A923B9989900B66EAA /* SettingsModels.swift */,
				586F660823BAB6FA007D4657 /* Workers */,
				585F64B723BA539000B66EAA /* Cells */,
			);
			path = "Settings scene";
			sourceTree = "<group>";
		};
		585F64B723BA539000B66EAA /* Cells */ = {
			isa = PBXGroup;
			children = (
				585F64B323B9A0E600B66EAA /* SegmentedControlTableViewCell.swift */,
				585F64B523B9A6EC00B66EAA /* SwitchTableViewCell.swift */,
				585F64B823BA7D5000B66EAA /* RangeSliderTableViewCell.swift */,
			);
			path = Cells;
			sourceTree = "<group>";
		};
		585F64E023BA932A00B66EAA /* Range slider */ = {
			isa = PBXGroup;
			children = (
				585F64DA23BA921000B66EAA /* RangeSlider.swift */,
				585F64DC23BA928B00B66EAA /* RangeSliderThumbLayer.swift */,
				585F64DE23BA92CD00B66EAA /* RangeSliderTrackLayer.swift */,
			);
			path = "Range slider";
			sourceTree = "<group>";
		};
		586F660823BAB6FA007D4657 /* Workers */ = {
			isa = PBXGroup;
			children = (
				586F660623BAB6D2007D4657 /* SettingsSceneWorker.swift */,
			);
			path = Workers;
			sourceTree = "<group>";
		};
		586F660923BAB728007D4657 /* Workers */ = {
			isa = PBXGroup;
			children = (
				585F64A723B9989900B66EAA /* SettingsWorker.swift */,
				58F7E96C23AD96A600E3859F /* DataBaseWorker.swift */,
				5891A8EB23B3BF5200FB1D1C /* GeocoderWorker.swift */,
				58EEE41823C27F1600CE9229 /* NotificationWorker.swift */,
			);
			path = Workers;
			sourceTree = "<group>";
		};
		586F660A23BAB739007D4657 /* Swrvices */ = {
			isa = PBXGroup;
			children = (
				5837D01B23A839E000A6F125 /* DecoderService.swift */,
				58A9984323AC19A500CAACE8 /* DataBaseService.swift */,
				3AC77AFF23AAA5B400CA1EC5 /* GeocoderService.swift */,
				58454C3823C25B7A008BB813 /* NotificationService.swift */,
			);
			path = Swrvices;
			sourceTree = "<group>";
		};
		58A9983E23A84D7700CAACE8 /* Supporting files */ = {
			isa = PBXGroup;
			children = (
				584EE5AE23A7F8490013087A /* AppDelegate.swift */,
				584EE5B723A7F84C0013087A /* Assets.xcassets */,
				584EE5B923A7F84C0013087A /* LaunchScreen.storyboard */,
				584EE5BC23A7F84C0013087A /* Info.plist */,
			);
			path = "Supporting files";
			sourceTree = "<group>";
		};
		58A9983F23A84D9000CAACE8 /* Business layer */ = {
			isa = PBXGroup;
			children = (
				58A9984223A852EE00CAACE8 /* Models */,
				586F660923BAB728007D4657 /* Workers */,
				586F660A23BAB739007D4657 /* Swrvices */,
				5837D01723A8388700A6F125 /* SceneBuilder.swift */,
				58551DD723BD854300E76885 /* TabBarControllerBuilder.swift */,
				5837D01923A838E100A6F125 /* Repository.swift */,
				3AC77B0123AAA5BE00CA1EC5 /* ServiceError.swift */,
				585F64A023B9881800B66EAA /* FilesManager.swift */,
				585F64A223B988A700B66EAA /* SettingWrapper.swift */,
				585F64A423B9947000B66EAA /* UserPreferences.swift */,
			);
			path = "Business layer";
			sourceTree = "<group>";
		};
		58A9984223A852EE00CAACE8 /* Models */ = {
			isa = PBXGroup;
			children = (
				3AC77AFD23AAA55A00CA1EC5 /* GeocoderModel.swift */,
				58A9984023A852AC00CAACE8 /* SmartTarget.swift */,
				58A9984923AC35E000CAACE8 /* SmartTargetCollection.swift */,
				585BBB8B23B285750001F749 /* SmartTargetAnnotation.swift */,
				586F660B23BBF065007D4657 /* MenuAction.swift */,
			);
			path = Models;
			sourceTree = "<group>";
		};
		58F7E96A23AD810F00E3859F /* Extensions */ = {
			isa = PBXGroup;
			children = (
				58A9984523AC1D1700CAACE8 /* Sequence+UniqueElements.swift */,
				58454F3123BE87C400EE0D71 /* Array+Difference.swift */,
				58A9984723AC2BA600CAACE8 /* CLLocationCoordinate2D+Extension.swift */,
				582ED16C23AE8458001AD44E /* Decodable+Initialization.swift */,
				585BBB8923B27DD40001F749 /* UIColor+Adjust.swift */,
				5815996723B52DD900232CE2 /* NotificationCenter+Extension.swift */,
				58551DD523BD08CD00E76885 /* UserPreferences.MeasuringSystem+Extension.swift */,
				58EEE41A23C4404300CE9229 /* UIViewController+Extension.swift */,
				58A4B28823C6E27700D0D985 /* Formatter+Extension.swift */,
			);
			path = Extensions;
			sourceTree = "<group>";
		};
/* End PBXGroup section */

/* Begin PBXNativeTarget section */
		584EE5AA23A7F8490013087A /* Map */ = {
			isa = PBXNativeTarget;
			buildConfigurationList = 584EE5BF23A7F84C0013087A /* Build configuration list for PBXNativeTarget "Map" */;
			buildPhases = (
				026BBE3523A7FF0D00ECDEF4 /* SwiftLint */,
				584EE5A723A7F8490013087A /* Sources */,
				584EE5A823A7F8490013087A /* Frameworks */,
				584EE5A923A7F8490013087A /* Resources */,
			);
			buildRules = (
			);
			dependencies = (
			);
			name = Map;
			productName = Map;
			productReference = 584EE5AB23A7F8490013087A /* Map.app */;
			productType = "com.apple.product-type.application";
		};
/* End PBXNativeTarget section */

/* Begin PBXProject section */
		584EE5A323A7F8490013087A /* Project object */ = {
			isa = PBXProject;
			attributes = {
				LastSwiftUpdateCheck = 1130;
				LastUpgradeCheck = 1130;
				TargetAttributes = {
					584EE5AA23A7F8490013087A = {
						CreatedOnToolsVersion = 11.3;
					};
				};
			};
			buildConfigurationList = 584EE5A623A7F8490013087A /* Build configuration list for PBXProject "Map" */;
			compatibilityVersion = "Xcode 9.3";
			developmentRegion = en;
			hasScannedForEncodings = 0;
			knownRegions = (
				en,
				Base,
			);
			mainGroup = 584EE5A223A7F8490013087A;
			productRefGroup = 584EE5AC23A7F8490013087A /* Products */;
			projectDirPath = "";
			projectRoot = "";
			targets = (
				584EE5AA23A7F8490013087A /* Map */,
			);
		};
/* End PBXProject section */

/* Begin PBXResourcesBuildPhase section */
		584EE5A923A7F8490013087A /* Resources */ = {
			isa = PBXResourcesBuildPhase;
			buildActionMask = 2147483647;
			files = (
				584EE5BB23A7F84C0013087A /* LaunchScreen.storyboard in Resources */,
				584EE5B823A7F84C0013087A /* Assets.xcassets in Resources */,
			);
			runOnlyForDeploymentPostprocessing = 0;
		};
/* End PBXResourcesBuildPhase section */

/* Begin PBXShellScriptBuildPhase section */
		026BBE3523A7FF0D00ECDEF4 /* SwiftLint */ = {
			isa = PBXShellScriptBuildPhase;
			buildActionMask = 2147483647;
			files = (
			);
			inputFileListPaths = (
			);
			inputPaths = (
			);
			name = SwiftLint;
			outputFileListPaths = (
			);
			outputPaths = (
			);
			runOnlyForDeploymentPostprocessing = 0;
			shellPath = /bin/sh;
			shellScript = "if which swiftlint >/dev/null; then\n  swiftlint\nelse\n  echo \"warning: SwiftLint not installed, download from https://github.com/realm/SwiftLint\"\nfi\n";
		};
/* End PBXShellScriptBuildPhase section */

/* Begin PBXSourcesBuildPhase section */
		584EE5A723A7F8490013087A /* Sources */ = {
			isa = PBXSourcesBuildPhase;
			buildActionMask = 2147483647;
			files = (
				584EE5E523A834D60013087A /* SmartTargetListModels.swift in Sources */,
				58551DD623BD08CD00E76885 /* UserPreferences.MeasuringSystem+Extension.swift in Sources */,
				585F64DF23BA92CD00B66EAA /* RangeSliderTrackLayer.swift in Sources */,
				584EE5AF23A7F8490013087A /* AppDelegate.swift in Sources */,
				58EEE41923C27F1600CE9229 /* NotificationWorker.swift in Sources */,
				586F660723BAB6D2007D4657 /* SettingsSceneWorker.swift in Sources */,
				584EE5CC23A833D70013087A /* MapViewController.swift in Sources */,
				585BBB8823B219170001F749 /* ButtonView.swift in Sources */,
				58551DD823BD854300E76885 /* TabBarControllerBuilder.swift in Sources */,
				58A4B28923C6E27700D0D985 /* Formatter+Extension.swift in Sources */,
				585F64B923BA7D5000B66EAA /* RangeSliderTableViewCell.swift in Sources */,
				584EE5E423A834D60013087A /* SmartTargetListRouter.swift in Sources */,
				5815996823B52DD900232CE2 /* NotificationCenter+Extension.swift in Sources */,
				58A9984A23AC35E000CAACE8 /* SmartTargetCollection.swift in Sources */,
				584EE5E723A834D60013087A /* SmartTargetListInteractor.swift in Sources */,
				585BBB8C23B285750001F749 /* SmartTargetAnnotation.swift in Sources */,
				5837D01823A8388700A6F125 /* SceneBuilder.swift in Sources */,
				5891A8EC23B3BF5200FB1D1C /* GeocoderWorker.swift in Sources */,
				3AC77B0223AAA5BE00CA1EC5 /* ServiceError.swift in Sources */,
				58454C3923C25B7A008BB813 /* NotificationService.swift in Sources */,
				584EE5E223A834D60013087A /* SmartTargetListPresenter.swift in Sources */,
				3AC77AFE23AAA55A00CA1EC5 /* GeocoderModel.swift in Sources */,
				3ABCDC9023B7B6AD0050F4B2 /* TabBarController.swift in Sources */,
				5837D01A23A838E100A6F125 /* Repository.swift in Sources */,
				58EEE41B23C4404300CE9229 /* UIViewController+Extension.swift in Sources */,
				582ED16D23AE8458001AD44E /* Decodable+Initialization.swift in Sources */,
				58454F2F23BE875C00EE0D71 /* Identity.swift in Sources */,
				584EE5C823A833D70013087A /* MapPresenter.swift in Sources */,
				585F64DD23BA928B00B66EAA /* RangeSliderThumbLayer.swift in Sources */,
				58A9984123A852AC00CAACE8 /* SmartTarget.swift in Sources */,
				58454F3223BE87C400EE0D71 /* Array+Difference.swift in Sources */,
				58F7E96D23AD96A600E3859F /* DataBaseWorker.swift in Sources */,
				58A9984623AC1D1700CAACE8 /* Sequence+UniqueElements.swift in Sources */,
				58551DDA23BDA38A00E76885 /* MapRouter.swift in Sources */,
				584EE5E623A834D60013087A /* SmartTargetListViewController.swift in Sources */,
				584EE5CB23A833D70013087A /* MapModels.swift in Sources */,
				585F64B623B9A6EC00B66EAA /* SwitchTableViewCell.swift in Sources */,
				585F64DB23BA921000B66EAA /* RangeSlider.swift in Sources */,
				585F64B123B9989900B66EAA /* SettingsInteractor.swift in Sources */,
				585F64B023B9989900B66EAA /* SettingsViewController.swift in Sources */,
				585F64A323B988A700B66EAA /* SettingWrapper.swift in Sources */,
				580A076623AFEB1200192969 /* SmartTargetMenu.swift in Sources */,
				585F64A523B9947000B66EAA /* UserPreferences.swift in Sources */,
				584EE5CD23A833D70013087A /* MapInteractor.swift in Sources */,
				3AC77B0023AAA5B400CA1EC5 /* GeocoderService.swift in Sources */,
				585F64B423B9A0E600B66EAA /* SegmentedControlTableViewCell.swift in Sources */,
				3ABCDC9323B7B71B0050F4B2 /* SmartTargetTableViewCell.swift in Sources */,
				585F64AF23B9989900B66EAA /* SettingsModels.swift in Sources */,
				585F64A123B9881800B66EAA /* FilesManager.swift in Sources */,
				58A9984423AC19A500CAACE8 /* DataBaseService.swift in Sources */,
				5837D01C23A839E000A6F125 /* DecoderService.swift in Sources */,
				585BBB8A23B27DD40001F749 /* UIColor+Adjust.swift in Sources */,
				586F660C23BBF065007D4657 /* MenuAction.swift in Sources */,
				58A9984823AC2BA600CAACE8 /* CLLocationCoordinate2D+Extension.swift in Sources */,
				585F64AD23B9989900B66EAA /* SettingsWorker.swift in Sources */,
				585F64AC23B9989900B66EAA /* SettingsPresenter.swift in Sources */,
			);
			runOnlyForDeploymentPostprocessing = 0;
		};
/* End PBXSourcesBuildPhase section */

/* Begin PBXVariantGroup section */
		584EE5B923A7F84C0013087A /* LaunchScreen.storyboard */ = {
			isa = PBXVariantGroup;
			children = (
				584EE5BA23A7F84C0013087A /* Base */,
			);
			name = LaunchScreen.storyboard;
			sourceTree = "<group>";
		};
/* End PBXVariantGroup section */

/* Begin XCBuildConfiguration section */
		584EE5BD23A7F84C0013087A /* Debug */ = {
			isa = XCBuildConfiguration;
			buildSettings = {
				ALWAYS_SEARCH_USER_PATHS = NO;
				CLANG_ANALYZER_NONNULL = YES;
				CLANG_ANALYZER_NUMBER_OBJECT_CONVERSION = YES_AGGRESSIVE;
				CLANG_CXX_LANGUAGE_STANDARD = "gnu++14";
				CLANG_CXX_LIBRARY = "libc++";
				CLANG_ENABLE_MODULES = YES;
				CLANG_ENABLE_OBJC_ARC = YES;
				CLANG_ENABLE_OBJC_WEAK = YES;
				CLANG_WARN_BLOCK_CAPTURE_AUTORELEASING = YES;
				CLANG_WARN_BOOL_CONVERSION = YES;
				CLANG_WARN_COMMA = YES;
				CLANG_WARN_CONSTANT_CONVERSION = YES;
				CLANG_WARN_DEPRECATED_OBJC_IMPLEMENTATIONS = YES;
				CLANG_WARN_DIRECT_OBJC_ISA_USAGE = YES_ERROR;
				CLANG_WARN_DOCUMENTATION_COMMENTS = YES;
				CLANG_WARN_EMPTY_BODY = YES;
				CLANG_WARN_ENUM_CONVERSION = YES;
				CLANG_WARN_INFINITE_RECURSION = YES;
				CLANG_WARN_INT_CONVERSION = YES;
				CLANG_WARN_NON_LITERAL_NULL_CONVERSION = YES;
				CLANG_WARN_OBJC_IMPLICIT_RETAIN_SELF = YES;
				CLANG_WARN_OBJC_LITERAL_CONVERSION = YES;
				CLANG_WARN_OBJC_ROOT_CLASS = YES_ERROR;
				CLANG_WARN_RANGE_LOOP_ANALYSIS = YES;
				CLANG_WARN_STRICT_PROTOTYPES = YES;
				CLANG_WARN_SUSPICIOUS_MOVE = YES;
				CLANG_WARN_UNGUARDED_AVAILABILITY = YES_AGGRESSIVE;
				CLANG_WARN_UNREACHABLE_CODE = YES;
				CLANG_WARN__DUPLICATE_METHOD_MATCH = YES;
				COPY_PHASE_STRIP = NO;
				DEBUG_INFORMATION_FORMAT = dwarf;
				ENABLE_STRICT_OBJC_MSGSEND = YES;
				ENABLE_TESTABILITY = YES;
				GCC_C_LANGUAGE_STANDARD = gnu11;
				GCC_DYNAMIC_NO_PIC = NO;
				GCC_NO_COMMON_BLOCKS = YES;
				GCC_OPTIMIZATION_LEVEL = 0;
				GCC_PREPROCESSOR_DEFINITIONS = (
					"DEBUG=1",
					"$(inherited)",
				);
				GCC_WARN_64_TO_32_BIT_CONVERSION = YES;
				GCC_WARN_ABOUT_RETURN_TYPE = YES_ERROR;
				GCC_WARN_UNDECLARED_SELECTOR = YES;
				GCC_WARN_UNINITIALIZED_AUTOS = YES_AGGRESSIVE;
				GCC_WARN_UNUSED_FUNCTION = YES;
				GCC_WARN_UNUSED_VARIABLE = YES;
				IPHONEOS_DEPLOYMENT_TARGET = 13.2;
				MTL_ENABLE_DEBUG_INFO = INCLUDE_SOURCE;
				MTL_FAST_MATH = YES;
				ONLY_ACTIVE_ARCH = YES;
				SDKROOT = iphoneos;
				SWIFT_ACTIVE_COMPILATION_CONDITIONS = DEBUG;
				SWIFT_OPTIMIZATION_LEVEL = "-Onone";
			};
			name = Debug;
		};
		584EE5BE23A7F84C0013087A /* Release */ = {
			isa = XCBuildConfiguration;
			buildSettings = {
				ALWAYS_SEARCH_USER_PATHS = NO;
				CLANG_ANALYZER_NONNULL = YES;
				CLANG_ANALYZER_NUMBER_OBJECT_CONVERSION = YES_AGGRESSIVE;
				CLANG_CXX_LANGUAGE_STANDARD = "gnu++14";
				CLANG_CXX_LIBRARY = "libc++";
				CLANG_ENABLE_MODULES = YES;
				CLANG_ENABLE_OBJC_ARC = YES;
				CLANG_ENABLE_OBJC_WEAK = YES;
				CLANG_WARN_BLOCK_CAPTURE_AUTORELEASING = YES;
				CLANG_WARN_BOOL_CONVERSION = YES;
				CLANG_WARN_COMMA = YES;
				CLANG_WARN_CONSTANT_CONVERSION = YES;
				CLANG_WARN_DEPRECATED_OBJC_IMPLEMENTATIONS = YES;
				CLANG_WARN_DIRECT_OBJC_ISA_USAGE = YES_ERROR;
				CLANG_WARN_DOCUMENTATION_COMMENTS = YES;
				CLANG_WARN_EMPTY_BODY = YES;
				CLANG_WARN_ENUM_CONVERSION = YES;
				CLANG_WARN_INFINITE_RECURSION = YES;
				CLANG_WARN_INT_CONVERSION = YES;
				CLANG_WARN_NON_LITERAL_NULL_CONVERSION = YES;
				CLANG_WARN_OBJC_IMPLICIT_RETAIN_SELF = YES;
				CLANG_WARN_OBJC_LITERAL_CONVERSION = YES;
				CLANG_WARN_OBJC_ROOT_CLASS = YES_ERROR;
				CLANG_WARN_RANGE_LOOP_ANALYSIS = YES;
				CLANG_WARN_STRICT_PROTOTYPES = YES;
				CLANG_WARN_SUSPICIOUS_MOVE = YES;
				CLANG_WARN_UNGUARDED_AVAILABILITY = YES_AGGRESSIVE;
				CLANG_WARN_UNREACHABLE_CODE = YES;
				CLANG_WARN__DUPLICATE_METHOD_MATCH = YES;
				COPY_PHASE_STRIP = NO;
				DEBUG_INFORMATION_FORMAT = "dwarf-with-dsym";
				ENABLE_NS_ASSERTIONS = NO;
				ENABLE_STRICT_OBJC_MSGSEND = YES;
				GCC_C_LANGUAGE_STANDARD = gnu11;
				GCC_NO_COMMON_BLOCKS = YES;
				GCC_WARN_64_TO_32_BIT_CONVERSION = YES;
				GCC_WARN_ABOUT_RETURN_TYPE = YES_ERROR;
				GCC_WARN_UNDECLARED_SELECTOR = YES;
				GCC_WARN_UNINITIALIZED_AUTOS = YES_AGGRESSIVE;
				GCC_WARN_UNUSED_FUNCTION = YES;
				GCC_WARN_UNUSED_VARIABLE = YES;
				IPHONEOS_DEPLOYMENT_TARGET = 13.2;
				MTL_ENABLE_DEBUG_INFO = NO;
				MTL_FAST_MATH = YES;
				SDKROOT = iphoneos;
				SWIFT_COMPILATION_MODE = wholemodule;
				SWIFT_OPTIMIZATION_LEVEL = "-O";
				VALIDATE_PRODUCT = YES;
			};
			name = Release;
		};
		584EE5C023A7F84C0013087A /* Debug */ = {
			isa = XCBuildConfiguration;
			buildSettings = {
				ASSETCATALOG_COMPILER_APPICON_NAME = AppIcon;
				CODE_SIGN_STYLE = Automatic;
				INFOPLIST_FILE = "Map/Supporting files/Info.plist";
				IPHONEOS_DEPLOYMENT_TARGET = 11.0;
				LD_RUNPATH_SEARCH_PATHS = (
					"$(inherited)",
					"@executable_path/Frameworks",
				);
				PRODUCT_BUNDLE_IDENTIFIER = com.ArkadiyGrigoryanc.Map;
				PRODUCT_NAME = "$(TARGET_NAME)";
				SWIFT_VERSION = 5.0;
				TARGETED_DEVICE_FAMILY = 1;
			};
			name = Debug;
		};
		584EE5C123A7F84C0013087A /* Release */ = {
			isa = XCBuildConfiguration;
			buildSettings = {
				ASSETCATALOG_COMPILER_APPICON_NAME = AppIcon;
				CODE_SIGN_STYLE = Automatic;
				INFOPLIST_FILE = "Map/Supporting files/Info.plist";
				IPHONEOS_DEPLOYMENT_TARGET = 11.0;
				LD_RUNPATH_SEARCH_PATHS = (
					"$(inherited)",
					"@executable_path/Frameworks",
				);
				PRODUCT_BUNDLE_IDENTIFIER = com.ArkadiyGrigoryanc.Map;
				PRODUCT_NAME = "$(TARGET_NAME)";
				SWIFT_VERSION = 5.0;
				TARGETED_DEVICE_FAMILY = 1;
			};
			name = Release;
		};
/* End XCBuildConfiguration section */

/* Begin XCConfigurationList section */
		584EE5A623A7F8490013087A /* Build configuration list for PBXProject "Map" */ = {
			isa = XCConfigurationList;
			buildConfigurations = (
				584EE5BD23A7F84C0013087A /* Debug */,
				584EE5BE23A7F84C0013087A /* Release */,
			);
			defaultConfigurationIsVisible = 0;
			defaultConfigurationName = Release;
		};
		584EE5BF23A7F84C0013087A /* Build configuration list for PBXNativeTarget "Map" */ = {
			isa = XCConfigurationList;
			buildConfigurations = (
				584EE5C023A7F84C0013087A /* Debug */,
				584EE5C123A7F84C0013087A /* Release */,
			);
			defaultConfigurationIsVisible = 0;
			defaultConfigurationName = Release;
		};
/* End XCConfigurationList section */
	};
	rootObject = 584EE5A323A7F8490013087A /* Project object */;
}
